{
  "object": {
    "pins": [
      {
        "package": "PromiseKit",
        "repositoryURL": "https://github.com/mxcl/PromiseKit",
        "state": {
          "branch": null,
          "revision": "f6b15b7626a4399864ffa1d5ec2ed9cf0cea5556",
          "version": "6.13.2"
        }
      },
      {
        "package": "RLayoutKit",
        "repositoryURL": "git@github.com:royit/RLayoutKit.git",
        "state": {
          "branch": null,
          "revision": "8ce1b7331e94fba6197fa0cb1e6f6df644b94850",
          "version": "0.4.1"
        }
      }
    ]
  },
  "version": 1
}
